# THIS IS AN AUTOGENERATED FILE. DO NOT EDIT THIS FILE DIRECTLY.
# yarn lockfile v1


"@types/axios@^0.14.0":
  version "0.14.0"
  resolved "https://registry.npmjs.org/@types/axios/-/axios-0.14.0.tgz#ec2300fbe7d7dddd7eb9d3abf87999964cafce46"
  integrity sha1-7CMA++fX3d1+udOr+HmZlkyvzkY=
  dependencies:
    axios "*"

"@types/ejs@^2.6.1":
  version "2.6.1"
  resolved "https://registry.npmjs.org/@types/ejs/-/ejs-2.6.1.tgz#cf9cd850a0fd3a55fc4813c97efb0b6503c6f4e6"
  integrity sha512-WD8015V8Y+uDfFIjiVHU7t9SgHptqTGGN8w0A2LcrL0NLtqColM15cswkHZMUfodyuTf35sup8vW0hpWRHu0dQ==

"@types/events@*":
  version "1.2.0"
  resolved "http://registry.npmjs.org/@types/events/-/events-1.2.0.tgz#81a6731ce4df43619e5c8c945383b3e62a89ea86"
  integrity sha512-KEIlhXnIutzKwRbQkGWb/I4HFqBuUykAdHgDED6xqwXJfONCjF5VoE0cXEiurh3XauygxzeDzgtXUqvLkxFzzA==

"@types/execa@^0.9.0":
  version "0.9.0"
  resolved "http://registry.npmjs.org/@types/execa/-/execa-0.9.0.tgz#9b025d2755f17e80beaf9368c3f4f319d8b0fb93"
  integrity sha512-mgfd93RhzjYBUHHV532turHC2j4l/qxsF/PbfDmprHDEUHmNZGlDn1CEsulGK3AfsPdhkWzZQT/S/k0UGhLGsA==
  dependencies:
    "@types/node" "*"

"@types/figures@^2.0.0":
  version "2.0.0"
  resolved "http://registry.npm.taobao.org/@types/figures/download/@types/figures-2.0.0.tgz#e624a9ad71db49b9c8b9bbd59fe1ad04c443913c"
  integrity sha1-5iSprXHbSbnIubvVn+GtBMRDkTw=

"@types/fs-extra@^5.0.3":
  version "5.0.4"
  resolved "https://registry.npmjs.org/@types/fs-extra/-/fs-extra-5.0.4.tgz#b971134d162cc0497d221adde3dbb67502225599"
  integrity sha512-DsknoBvD8s+RFfSGjmERJ7ZOP1HI0UZRA3FSI+Zakhrc/Gy26YQsLI+m5V5DHxroHRJqCDLKJp7Hixn8zyaF7g==
  dependencies:
    "@types/node" "*"

"@types/glob@*":
  version "7.1.1"
  resolved "https://registry.npmjs.org/@types/glob/-/glob-7.1.1.tgz#aa59a1c6e3fbc421e07ccd31a944c30eba521575"
  integrity sha512-1Bh06cbWJUHMC97acuD6UMG29nMt0Aqz1vF3guLfG+kHHJhy3AyohZFFxYk2f7Q1SQIrNwvncxAE0N/9s70F2w==
  dependencies:
    "@types/events" "*"
    "@types/minimatch" "*"
    "@types/node" "*"

"@types/handlebars@^4.0.38":
  version "4.0.39"
  resolved "https://registry.npmjs.org/@types/handlebars/-/handlebars-4.0.39.tgz#961fb54db68030890942e6aeffe9f93a957807bd"
  integrity sha512-vjaS7Q0dVqFp85QhyPSZqDKnTTCemcSHNHFvDdalO1s0Ifz5KuE64jQD5xoUkfdWwF4WpqdJEl7LsWH8rzhKJA==

"@types/highlight.js@^9.12.3":
  version "9.12.3"
  resolved "https://registry.npmjs.org/@types/highlight.js/-/highlight.js-9.12.3.tgz#b672cfaac25cbbc634a0fd92c515f66faa18dbca"
  integrity sha512-pGF/zvYOACZ/gLGWdQH8zSwteQS1epp68yRcVLJMgUck/MjEn/FBYmPub9pXT8C1e4a8YZfHo1CKyV8q1vKUnQ==

"@types/jasmine@^3.3.8":
  version "3.3.8"
  resolved "http://registry.npm.taobao.org/@types/jasmine/download/@types/jasmine-3.3.8.tgz#fc6abd92f7121431685ec986f0ec8f77b4390a3e"
  integrity sha1-/Gq9kvcSFDFoXsmG8OyPd7Q5Cj4=

"@types/lodash@^4.14.110":
  version "4.14.118"
  resolved "https://registry.npmjs.org/@types/lodash/-/lodash-4.14.118.tgz#247bab39bfcc6d910d4927c6e06cbc70ec376f27"
  integrity sha512-iiJbKLZbhSa6FYRip/9ZDX6HXhayXLDGY2Fqws9cOkEQ6XeKfaxB0sC541mowZJueYyMnVUmmG+al5/4fCDrgw==

"@types/log-symbols@^2.0.0":
  version "2.0.0"
  resolved "http://registry.npm.taobao.org/@types/log-symbols/download/@types/log-symbols-2.0.0.tgz#7919e2ec3c8d13879bfdcab310dd7a3f7fc9466d"
  integrity sha1-eRni7DyNE4eb/cqzEN16P3/JRm0=

"@types/log-update@^2.0.0":
  version "2.0.0"
  resolved "http://registry.npm.taobao.org/@types/log-update/download/@types/log-update-2.0.0.tgz#ba8996a25251e8f5aee355194c352f13741c96d7"
  integrity sha1-uomWolJR6PWu41UZTDUvE3Qcltc=
  dependencies:
    "@types/node" "*"

"@types/marked@^0.4.0":
  version "0.4.2"
  resolved "https://registry.npmjs.org/@types/marked/-/marked-0.4.2.tgz#64a89e53ea37f61cc0f3ee1732c555c2dbf6452f"
  integrity sha512-cDB930/7MbzaGF6U3IwSQp6XBru8xWajF5PV2YZZeV8DyiliTuld11afVztGI9+yJZ29il5E+NpGA6ooV/Cjkg==

"@types/marked@^0.5.0":
  version "0.5.0"
  resolved "https://registry.npmjs.org/@types/marked/-/marked-0.5.0.tgz#4b91c66ee8cf0abb6938e02fdec207279959962e"
  integrity sha512-5uRumM3yeMj+JcvWGku/FRJJCmSWZczLd8FJf76a90YCltRHVpjF2gKHiL6U+pi4qyATn7HvxR0Mk7mDySwaOQ==

"@types/minimatch@*", "@types/minimatch@3.0.3":
  version "3.0.3"
  resolved "https://registry.npmjs.org/@types/minimatch/-/minimatch-3.0.3.tgz#3dca0e3f33b200fc7d1139c0cd96c1268cadfd9d"
  integrity sha512-tHq6qdbT9U1IRSGf14CL0pUlULksvY9OZ+5eEgl1N7t+OA3tGvNpxJCzuKQlsNgCVwbAs670L1vcVQi8j9HjnA==

"@types/node@*":
  version "10.12.12"
  resolved "https://registry.npmjs.org/@types/node/-/node-10.12.12.tgz#e15a9d034d9210f00320ef718a50c4a799417c47"
  integrity sha512-Pr+6JRiKkfsFvmU/LK68oBRCQeEg36TyAbPhc2xpez24OOZZCuoIhWGTd39VZy6nGafSbxzGouFPTFD/rR1A0A==

"@types/node@^10.12.10":
  version "10.12.10"
  resolved "http://registry.npm.taobao.org/@types/node/download/@types/node-10.12.10.tgz#4fa76e6598b7de3f0cb6ec3abacc4f59e5b3a2ce"
  integrity sha1-T6duZZi33j8Mtuw6usxPWeWzos4=

"@types/shelljs@^0.8.0":
  version "0.8.0"
  resolved "https://registry.npmjs.org/@types/shelljs/-/shelljs-0.8.0.tgz#0caa56b68baae4f68f44e0dd666ab30b098e3632"
  integrity sha512-vs1hCC8RxLHRu2bwumNyYRNrU3o8BtZhLysH5A4I98iYmA2APl6R3uNQb5ihl+WiwH0xdC9LLO+vRrXLs/Kyxg==
  dependencies:
    "@types/glob" "*"
    "@types/node" "*"

"@types/strip-ansi@^3.0.0":
  version "3.0.0"
  resolved "http://registry.npm.taobao.org/@types/strip-ansi/download/@types/strip-ansi-3.0.0.tgz#9b63d453a6b54aa849182207711a08be8eea48ae"
  integrity sha1-m2PUU6a1SqhJGCIHcRoIvo7qSK4=

ansi-regex@^2.0.0:
  version "2.1.1"
  resolved "http://registry.npm.taobao.org/ansi-regex/download/ansi-regex-2.1.1.tgz#c3b33ab5ee360d86e0e628f0468ae7ef27d654df"

ansi-regex@^4.0.0:
  version "4.0.0"
  resolved "http://registry.npm.taobao.org/ansi-regex/download/ansi-regex-4.0.0.tgz#70de791edf021404c3fd615aa89118ae0432e5a9"
  integrity sha1-cN55Ht8CFATD/WFaqJEYrgQy5ak=

ansi-styles@^2.2.1:
  version "2.2.1"
  resolved "http://registry.npm.taobao.org/ansi-styles/download/ansi-styles-2.2.1.tgz#b432dd3358b634cf75e1e4664368240533c1ddbe"

ansi-styles@^3.2.1:
  version "3.2.1"
  resolved "http://registry.npm.taobao.org/ansi-styles/download/ansi-styles-3.2.1.tgz#41fbb20243e50b12be0f04b8dedbf07520ce841d"
  dependencies:
    color-convert "^1.9.0"

argparse@^1.0.7:
  version "1.0.10"
  resolved "http://registry.npm.taobao.org/argparse/download/argparse-1.0.10.tgz#bcd6791ea5ae09725e17e5ad988134cd40b3d911"
  dependencies:
    sprintf-js "~1.0.2"

arrify@^1.0.0:
  version "1.0.1"
  resolved "http://registry.npm.taobao.org/arrify/download/arrify-1.0.1.tgz#898508da2226f380df904728456849c1501a4b0d"

async@^2.5.0:
  version "2.6.1"
  resolved "https://registry.npmjs.org/async/-/async-2.6.1.tgz#b245a23ca71930044ec53fa46aa00a3e87c6a610"
  integrity sha512-fNEiL2+AZt6AlAw/29Cr0UDe4sRAHCpEHh54WMz+Bb7QfNcFw4h3loofyJpLeQs4Yx7yuqu/2dLgM5hKOs6HlQ==
  dependencies:
    lodash "^4.17.10"

axios@*, axios@^0.18.0:
  version "0.18.0"
  resolved "http://registry.npmjs.org/axios/-/axios-0.18.0.tgz#32d53e4851efdc0a11993b6cd000789d70c05102"
  integrity sha1-MtU+SFHv3AoRmTts0AB4nXDAUQI=
  dependencies:
    follow-redirects "^1.3.0"
    is-buffer "^1.1.5"

babel-code-frame@^6.22.0:
  version "6.26.0"
  resolved "http://registry.npm.taobao.org/babel-code-frame/download/babel-code-frame-6.26.0.tgz#63fd43f7dc1e3bb7ce35947db8fe369a3f58c74b"
  dependencies:
    chalk "^1.1.3"
    esutils "^2.0.2"
    js-tokens "^3.0.2"

balanced-match@^1.0.0:
  version "1.0.0"
  resolved "http://registry.npm.taobao.org/balanced-match/download/balanced-match-1.0.0.tgz#89b4d199ab2bee49de164ea02b89ce462d71b767"

bluebird@^3.0.6:
  version "3.5.3"
  resolved "http://registry.npm.taobao.org/bluebird/download/bluebird-3.5.3.tgz#7d01c6f9616c9a51ab0f8c549a79dfe6ec33efa7"
  integrity sha1-fQHG+WFsmlGrD4xUmnnf5uwz76c=

brace-expansion@^1.1.7:
  version "1.1.8"
  resolved "http://registry.npm.taobao.org/brace-expansion/download/brace-expansion-1.1.8.tgz#c07b211c7c952ec1f8efd51a77ef0d1d3990a292"
  dependencies:
    balanced-match "^1.0.0"
    concat-map "0.0.1"

buffer-from@^1.0.0:
  version "1.1.0"
  resolved "http://registry.npm.taobao.org/buffer-from/download/buffer-from-1.1.0.tgz#87fcaa3a298358e0ade6e442cfce840740d1ad04"

buffer-from@^1.1.0:
  version "1.1.1"
  resolved "http://registry.npm.taobao.org/buffer-from/download/buffer-from-1.1.1.tgz#32713bc028f75c02fdb710d7c7bcec1f2c6070ef"
  integrity sha1-MnE7wCj3XAL9txDXx7zsHyxgcO8=

builtin-modules@^1.1.1:
  version "1.1.1"
  resolved "http://registry.npm.taobao.org/builtin-modules/download/builtin-modules-1.1.1.tgz#270f076c5a72c02f5b65a47df94c5fe3a278892f"

cac@^6.3.12:
  version "6.3.12"
  resolved "https://registry.npmjs.org/cac/-/cac-6.3.12.tgz#eb45205c7d09ac7c141104e8b8d1859bd9a09d39"
  integrity sha512-0tJOuYFAfQc8s3G6BHSPCvSTCkcVm9etd3nSeLW55Prz3uv3I6cMli9bfkEGbVUZQ39t750rAY6nCFp3dLboxw==

chalk@^1.1.3:
  version "1.1.3"
  resolved "http://registry.npm.taobao.org/chalk/download/chalk-1.1.3.tgz#a8115c55e4a702fe4d150abd3872822a7e09fc98"
  dependencies:
    ansi-styles "^2.2.1"
    escape-string-regexp "^1.0.2"
    has-ansi "^2.0.0"
    strip-ansi "^3.0.0"
    supports-color "^2.0.0"

chalk@^2.3.0, chalk@^2.4.1:
  version "2.4.1"
  resolved "https://registry.npmjs.org/chalk/-/chalk-2.4.1.tgz#18c49ab16a037b6eb0152cc83e3471338215b66e"
  integrity sha512-ObN6h1v2fTJSmUXoS3nMQ92LbDK9be4TV+6G+omQlGJFdcUX5heKi1LZ1YnRMIgwTLEj3E24bT6tYni50rlCfQ==
  dependencies:
    ansi-styles "^3.2.1"
    escape-string-regexp "^1.0.5"
    supports-color "^5.3.0"

cli-spinners@^1.3.1:
  version "1.3.1"
  resolved "http://registry.npm.taobao.org/cli-spinners/download/cli-spinners-1.3.1.tgz#002c1990912d0d59580c93bd36c056de99e4259a"
  integrity sha1-ACwZkJEtDVlYDJO9NsBW3pnkJZo=

clone@^1.0.2:
  version "1.0.4"
  resolved "https://registry.npmjs.org/clone/-/clone-1.0.4.tgz#da309cc263df15994c688ca902179ca3c7cd7c7e"
  integrity sha1-2jCcwmPfFZlMaIypAheco8fNfH4=

color-convert@^1.9.0:
  version "1.9.1"
  resolved "http://registry.npm.taobao.org/color-convert/download/color-convert-1.9.1.tgz#c1261107aeb2f294ebffec9ed9ecad529a6097ed"
  dependencies:
    color-name "^1.1.1"

color-name@^1.1.1:
  version "1.1.3"
  resolved "http://registry.npm.taobao.org/color-name/download/color-name-1.1.3.tgz#a7d0558bd89c42f795dd42328f740831ca53bc25"

commander@^2.12.1, commander@^2.9.0:
  version "2.19.0"
  resolved "http://registry.npm.taobao.org/commander/download/commander-2.19.0.tgz#f6198aa84e5b83c46054b94ddedbfed5ee9ff12a"
  integrity sha1-9hmKqE5bg8RgVLlN3tv+1e6f8So=

commander@~2.17.1:
  version "2.17.1"
  resolved "https://registry.npmjs.org/commander/-/commander-2.17.1.tgz#bd77ab7de6de94205ceacc72f1716d29f20a77bf"
  integrity sha512-wPMUt6FnH2yzG95SA6mzjQOEKUU3aLaDEmzs1ti+1E9h+CsrZghRlqEM/EJ4KscsQVG8uNN4uVreUeT8+drlgg==

concat-map@0.0.1:
  version "0.0.1"
  resolved "http://registry.npm.taobao.org/concat-map/download/concat-map-0.0.1.tgz#d8a96bd77fd68df7793a73036a3ba0d5405d477b"

cross-spawn@^6.0.0:
  version "6.0.5"
  resolved "http://registry.npm.taobao.org/cross-spawn/download/cross-spawn-6.0.5.tgz#4a5ec7c64dfae22c3a14124dbacdee846d80cbc4"
  integrity sha1-Sl7Hxk364iw6FBJNus3uhG2Ay8Q=
  dependencies:
    nice-try "^1.0.4"
    path-key "^2.0.1"
    semver "^5.5.0"
    shebang-command "^1.2.0"
    which "^1.2.9"

debug@=3.1.0:
  version "3.1.0"
  resolved "http://registry.npm.taobao.org/debug/download/debug-3.1.0.tgz#5bb5a0672628b64149566ba16819e61518c67261"
  dependencies:
    ms "2.0.0"

deepmerge@^2.0.1:
  version "2.1.1"
  resolved "http://registry.npm.taobao.org/deepmerge/download/deepmerge-2.1.1.tgz#e862b4e45ea0555072bf51e7fd0d9845170ae768"

defaults@^1.0.3:
  version "1.0.3"
  resolved "https://registry.npmjs.org/defaults/-/defaults-1.0.3.tgz#c656051e9817d9ff08ed881477f3fe4019f3ef7d"
  integrity sha1-xlYFHpgX2f8I7YgUd/P+QBnz730=
  dependencies:
    clone "^1.0.2"

diff@^3.1.0:
  version "3.5.0"
  resolved "http://registry.npm.taobao.org/diff/download/diff-3.5.0.tgz#800c0dd1e0a8bfbc95835c202ad220fe317e5a12"
  integrity sha1-gAwN0eCov7yVg1wgKtIg/jF+WhI=

diff@^3.2.0:
  version "3.4.0"
  resolved "http://registry.npm.taobao.org/diff/download/diff-3.4.0.tgz#b1d85507daf3964828de54b37d0d73ba67dda56c"

doctrine@0.7.2:
  version "0.7.2"
  resolved "http://registry.npm.taobao.org/doctrine/download/doctrine-0.7.2.tgz#7cb860359ba3be90e040b26b729ce4bfa654c523"
  integrity sha1-fLhgNZujvpDgQLJrcpzkv6ZUxSM=
  dependencies:
    esutils "^1.1.6"
    isarray "0.0.1"

ejs@^2.6.1:
  version "2.6.1"
  resolved "https://registry.npmjs.org/ejs/-/ejs-2.6.1.tgz#498ec0d495655abc6f23cd61868d926464071aa0"
  integrity sha512-0xy4A/twfrRCnkhfk8ErDi5DqdAsAqeGxht4xkCUrsvhhbQNs7E+4jV0CN7+NKIY0aHE72+XvqtBIXzD31ZbXQ==

end-of-stream@^1.1.0:
  version "1.4.1"
  resolved "https://registry.npmjs.org/end-of-stream/-/end-of-stream-1.4.1.tgz#ed29634d19baba463b6ce6b80a37213eab71ec43"
  integrity sha512-1MkrZNvWTKCaigbn+W15elq2BB/L22nqrSY5DKlo3X6+vclJm8Bb5djXJBmEX6fS3+zCh/F4VBK5Z2KxJt4s2Q==
  dependencies:
    once "^1.4.0"

escape-string-regexp@^1.0.2, escape-string-regexp@^1.0.5:
  version "1.0.5"
  resolved "http://registry.npm.taobao.org/escape-string-regexp/download/escape-string-regexp-1.0.5.tgz#1b61c0562190a8dff6ae3bb2cf0200ca130b86d4"

esprima@^4.0.0:
  version "4.0.0"
  resolved "http://registry.npm.taobao.org/esprima/download/esprima-4.0.0.tgz#4499eddcd1110e0b218bacf2fa7f7f59f55ca804"

esutils@^1.1.6:
  version "1.1.6"
  resolved "http://registry.npm.taobao.org/esutils/download/esutils-1.1.6.tgz#c01ccaa9ae4b897c6d0c3e210ae52f3c7a844375"

esutils@^2.0.2:
  version "2.0.2"
  resolved "http://registry.npm.taobao.org/esutils/download/esutils-2.0.2.tgz#0abf4f1caa5bcb1f7a9d8acc6dea4faaa04bac9b"

execa@^1.0.0:
  version "1.0.0"
  resolved "https://registry.npmjs.org/execa/-/execa-1.0.0.tgz#c6236a5bb4df6d6f15e88e7f017798216749ddd8"
  integrity sha512-adbxcyWV46qiHyvSp50TKt05tB4tK3HcmF7/nxfAdhnox83seTDbwnaqKO4sXRy7roHAIFqJP/Rw/AuEbX61LA==
  dependencies:
    cross-spawn "^6.0.0"
    get-stream "^4.0.0"
    is-stream "^1.1.0"
    npm-run-path "^2.0.0"
    p-finally "^1.0.0"
    signal-exit "^3.0.0"
    strip-eof "^1.0.0"

figures@^2.0.0:
  version "2.0.0"
  resolved "http://registry.npm.taobao.org/figures/download/figures-2.0.0.tgz#3ab1a2d2a62c8bfb431a0c94cb797a2fce27c962"
  integrity sha1-OrGi0qYsi/tDGgyUy3l6L84nyWI=
  dependencies:
    escape-string-regexp "^1.0.5"

follow-redirects@^1.3.0:
  version "1.5.10"
  resolved "https://registry.npmjs.org/follow-redirects/-/follow-redirects-1.5.10.tgz#7b7a9f9aea2fdff36786a94ff643ed07f4ff5e2a"
  integrity sha512-0V5l4Cizzvqt5D44aTXbFZz+FtyXV1vrDN6qrelxtfYQKW0KO0W2T/hkE8xvGa/540LkZlkaUjO4ailYTFtHVQ==
  dependencies:
    debug "=3.1.0"

fs-extra@^7.0.0:
  version "7.0.1"
  resolved "https://registry.npmjs.org/fs-extra/-/fs-extra-7.0.1.tgz#4f189c44aa123b895f722804f55ea23eadc348e9"
  integrity sha512-YJDaCJZEnBmcbw13fvdAM9AwNOJwOzrE4pqMqBq5nFiEqXUqHwlK4B+3pUw6JNvfSPtX05xFHtYy/1ni01eGCw==
  dependencies:
    graceful-fs "^4.1.2"
    jsonfile "^4.0.0"
    universalify "^0.1.0"

fs.realpath@^1.0.0:
  version "1.0.0"
  resolved "http://registry.npm.taobao.org/fs.realpath/download/fs.realpath-1.0.0.tgz#1504ad2523158caa40db4a2787cb01411994ea4f"

generate-changelog@^1.7.1:
  version "1.7.1"
  resolved "http://registry.npm.taobao.org/generate-changelog/download/generate-changelog-1.7.1.tgz#c0b549de34177e6a5d6414af3d74daea9a3cdc0f"
  integrity sha1-wLVJ3jQXfmpdZBSvPXTa6po83A8=
  dependencies:
    bluebird "^3.0.6"
    commander "^2.9.0"
    github-url-from-git "^1.4.0"

get-stream@^4.0.0:
  version "4.1.0"
  resolved "https://registry.npmjs.org/get-stream/-/get-stream-4.1.0.tgz#c1b255575f3dc21d59bfc79cd3d2b46b1c3a54b5"
  integrity sha512-GMat4EJ5161kIy2HevLlr4luNjBgvmj413KaQA7jt4V8B4RDsfpHk7WQ9GVqfYyyx8OS/L66Kox+rJRNklLK7w==
  dependencies:
    pump "^3.0.0"

github-url-from-git@^1.4.0:
  version "1.5.0"
  resolved "http://registry.npm.taobao.org/github-url-from-git/download/github-url-from-git-1.5.0.tgz#f985fedcc0a9aa579dc88d7aff068d55cc6251a0"
  integrity sha1-+YX+3MCpqledyI16/waNVcxiUaA=

glob@^7.0.0, glob@^7.0.6:
  version "7.1.3"
  resolved "https://registry.npmjs.org/glob/-/glob-7.1.3.tgz#3960832d3f1574108342dafd3a67b332c0969df1"
  integrity sha512-vcfuiIxogLV4DlGBHIUOwI0IbrJ8HWPc4MU7HzviGeNho/UJDfi6B5p3sHeWIQ0KGIU0Jpxi5ZHxemQfLkkAwQ==
  dependencies:
    fs.realpath "^1.0.0"
    inflight "^1.0.4"
    inherits "2"
    minimatch "^3.0.4"
    once "^1.3.0"
    path-is-absolute "^1.0.0"

glob@^7.1.1:
  version "7.1.2"
  resolved "http://registry.npm.taobao.org/glob/download/glob-7.1.2.tgz#c19c9df9a028702d678612384a6552404c636d15"
  dependencies:
    fs.realpath "^1.0.0"
    inflight "^1.0.4"
    inherits "2"
    minimatch "^3.0.4"
    once "^1.3.0"
    path-is-absolute "^1.0.0"

graceful-fs@^4.1.2, graceful-fs@^4.1.6:
  version "4.1.15"
  resolved "https://registry.npmjs.org/graceful-fs/-/graceful-fs-4.1.15.tgz#ffb703e1066e8a0eeaa4c8b80ba9253eeefbfb00"
  integrity sha512-6uHUhOPEBgQ24HM+r6b/QwWfZq+yiFcipKFrOFiBEnWdy5sdzYoi+pJeQaPI5qOLRFqWmAXUPQNsielzdLoecA==

handlebars@^4.0.6:
  version "4.0.12"
  resolved "https://registry.npmjs.org/handlebars/-/handlebars-4.0.12.tgz#2c15c8a96d46da5e266700518ba8cb8d919d5bc5"
  integrity sha512-RhmTekP+FZL+XNhwS1Wf+bTTZpdLougwt5pcgA1tuz6Jcx0fpH/7z0qd71RKnZHBCxIRBHfBOnio4gViPemNzA==
  dependencies:
    async "^2.5.0"
    optimist "^0.6.1"
    source-map "^0.6.1"
  optionalDependencies:
    uglify-js "^3.1.4"

has-ansi@^2.0.0:
  version "2.0.0"
  resolved "http://registry.npm.taobao.org/has-ansi/download/has-ansi-2.0.0.tgz#34f5049ce1ecdf2b0649af3ef24e45ed35416d91"
  dependencies:
    ansi-regex "^2.0.0"

has-flag@^3.0.0:
  version "3.0.0"
  resolved "http://registry.npm.taobao.org/has-flag/download/has-flag-3.0.0.tgz#b5d454dc2199ae225699f3467e5a07f3b955bafd"

highlight.js@^9.0.0:
  version "9.13.1"
  resolved "https://registry.npmjs.org/highlight.js/-/highlight.js-9.13.1.tgz#054586d53a6863311168488a0f58d6c505ce641e"
  integrity sha512-Sc28JNQNDzaH6PORtRLMvif9RSn1mYuOoX3omVjnb0+HbpPygU2ALBI0R/wsiqCb4/fcp07Gdo8g+fhtFrQl6A==

inflight@^1.0.4:
  version "1.0.6"
  resolved "http://registry.npm.taobao.org/inflight/download/inflight-1.0.6.tgz#49bd6331d7d02d0c09bc910a1075ba8165b56df9"
  dependencies:
    once "^1.3.0"
    wrappy "1"

inherits@2:
  version "2.0.3"
  resolved "http://registry.npm.taobao.org/inherits/download/inherits-2.0.3.tgz#633c2c83e3da42a502f52466022480f4208261de"

interpret@^1.0.0:
  version "1.1.0"
  resolved "https://registry.npmjs.org/interpret/-/interpret-1.1.0.tgz#7ed1b1410c6a0e0f78cf95d3b8440c63f78b8614"
  integrity sha1-ftGxQQxqDg94z5XTuEQMY/eLhhQ=

is-buffer@^1.1.5:
  version "1.1.6"
  resolved "https://registry.npmjs.org/is-buffer/-/is-buffer-1.1.6.tgz#efaa2ea9daa0d7ab2ea13a97b2b8ad51fefbe8be"
  integrity sha512-NcdALwpXkTm5Zvvbk7owOUSvVvBKDgKP5/ewfXEznmQFfs4ZRmanOeKBTjRVjka3QFoN6XJ+9F3USqfHqTaU5w==

is-stream@^1.1.0:
  version "1.1.0"
  resolved "http://registry.npm.taobao.org/is-stream/download/is-stream-1.1.0.tgz#12d4a3dd4e68e0b79ceb8dbc84173ae80d91ca44"

isarray@0.0.1:
  version "0.0.1"
  resolved "http://registry.npm.taobao.org/isarray/download/isarray-0.0.1.tgz#8a18acfca9a8f4177e09abfc6038939b05d1eedf"

isexe@^2.0.0:
  version "2.0.0"
  resolved "http://registry.npm.taobao.org/isexe/download/isexe-2.0.0.tgz#e8fbf374dc556ff8947a10dcb0572d633f2cfa10"

jasmine-core@~3.3.0:
  version "3.3.0"
  resolved "http://registry.npm.taobao.org/jasmine-core/download/jasmine-core-3.3.0.tgz#dea1cdc634bc93c7e0d4ad27185df30fa971b10e"
  integrity sha1-3qHNxjS8k8fg1K0nGF3zD6lxsQ4=

jasmine@^3.3.1:
  version "3.3.1"
  resolved "http://registry.npm.taobao.org/jasmine/download/jasmine-3.3.1.tgz#d61bb1dd8888859bd11ea83074a78ee13d949905"
  integrity sha1-1hux3YiIhZvRHqgwdKeO4T2UmQU=
  dependencies:
    glob "^7.0.6"
    jasmine-core "~3.3.0"

js-tokens@^3.0.2:
  version "3.0.2"
  resolved "http://registry.npm.taobao.org/js-tokens/download/js-tokens-3.0.2.tgz#9866df395102130e38f7f996bceb65443209c25b"

js-yaml@^3.7.0:
  version "3.12.0"
  resolved "http://registry.npm.taobao.org/js-yaml/download/js-yaml-3.12.0.tgz#eaed656ec8344f10f527c6bfa1b6e2244de167d1"
  integrity sha1-6u1lbsg0TxD1J8a/obbiJE3hZ9E=
  dependencies:
    argparse "^1.0.7"
    esprima "^4.0.0"

jsonfile@^4.0.0:
  version "4.0.0"
  resolved "https://registry.npmjs.org/jsonfile/-/jsonfile-4.0.0.tgz#8771aae0799b64076b76640fca058f9c10e33ecb"
  integrity sha1-h3Gq4HmbZAdrdmQPygWPnBDjPss=
  optionalDependencies:
    graceful-fs "^4.1.6"

lodash@^4.17.10:
  version "4.17.11"
  resolved "https://registry.npmjs.org/lodash/-/lodash-4.17.11.tgz#b39ea6229ef607ecd89e2c8df12536891cac9b8d"
  integrity sha512-cQKh8igo5QUhZ7lg38DYWAxMvjSAKG0A8wGSVimP07SIUEK2UO+arSRKbRZWtelMtN5V0Hkwh5ryOto/SshYIg==

make-error@^1.1.1:
  version "1.3.4"
  resolved "http://registry.npm.taobao.org/make-error/download/make-error-1.3.4.tgz#19978ed575f9e9545d2ff8c13e33b5d18a67d535"

marked@^0.4.0:
  version "0.4.0"
  resolved "https://registry.npmjs.org/marked/-/marked-0.4.0.tgz#9ad2c2a7a1791f10a852e0112f77b571dce10c66"
  integrity sha512-tMsdNBgOsrUophCAFQl0XPe6Zqk/uy9gnue+jIIKhykO51hxyu6uNx7zBPy0+y/WKYVZZMspV9YeXLNdKk+iYw==

marked@^0.5.2:
  version "0.5.2"
  resolved "https://registry.npmjs.org/marked/-/marked-0.5.2.tgz#3efdb27b1fd0ecec4f5aba362bddcd18120e5ba9"
  integrity sha512-fdZvBa7/vSQIZCi4uuwo2N3q+7jJURpMVCcbaX0S1Mg65WZ5ilXvC67MviJAsdjqqgD+CEq4RKo5AYGgINkVAA==

minimatch@^3.0.0, minimatch@^3.0.4:
  version "3.0.4"
  resolved "http://registry.npm.taobao.org/minimatch/download/minimatch-3.0.4.tgz#5166e286457f03306064be5497e8dbb0c3d32083"
  dependencies:
    brace-expansion "^1.1.7"

minimist@0.0.8:
  version "0.0.8"
  resolved "http://registry.npm.taobao.org/minimist/download/minimist-0.0.8.tgz#857fcabfc3397d2625b8228262e86aa7a011b05d"

minimist@^1.2.0:
  version "1.2.0"
  resolved "http://registry.npm.taobao.org/minimist/download/minimist-1.2.0.tgz#a35008b20f41383eec1fb914f4cd5df79a264284"

minimist@~0.0.1:
  version "0.0.10"
  resolved "http://registry.npmjs.org/minimist/-/minimist-0.0.10.tgz#de3f98543dbf96082be48ad1a0c7cda836301dcf"
  integrity sha1-3j+YVD2/lggr5IrRoMfNqDYwHc8=

mkdirp@^0.5.1:
  version "0.5.1"
  resolved "http://registry.npm.taobao.org/mkdirp/download/mkdirp-0.5.1.tgz#30057438eac6cf7f8c4767f38648d6697d75c903"
  dependencies:
    minimist "0.0.8"

ms@2.0.0:
  version "2.0.0"
  resolved "http://registry.npm.taobao.org/ms/download/ms-2.0.0.tgz#5608aeadfc00be6c2901df5f9861788de0d597c8"

nice-try@^1.0.4:
  version "1.0.5"
  resolved "http://registry.npm.taobao.org/nice-try/download/nice-try-1.0.5.tgz#a3378a7696ce7d223e88fc9b764bd7ef1089e366"
  integrity sha1-ozeKdpbOfSI+iPybdkvX7xCJ42Y=

npm-run-path@^2.0.0:
  version "2.0.2"
  resolved "http://registry.npm.taobao.org/npm-run-path/download/npm-run-path-2.0.2.tgz#35a9232dfa35d7067b4cb2ddf2357b1871536c5f"
  dependencies:
    path-key "^2.0.0"

once@^1.3.0, once@^1.3.1, once@^1.4.0:
  version "1.4.0"
  resolved "http://registry.npm.taobao.org/once/download/once-1.4.0.tgz#583b1aa775961d4b113ac17d9c50baef9dd76bd1"
  dependencies:
    wrappy "1"

optimist@^0.6.1:
  version "0.6.1"
  resolved "https://registry.npmjs.org/optimist/-/optimist-0.6.1.tgz#da3ea74686fa21a19a111c326e90eb15a0196686"
  integrity sha1-2j6nRob6IaGaERwybpDrFaAZZoY=
  dependencies:
    minimist "~0.0.1"
    wordwrap "~0.0.2"

p-finally@^1.0.0:
  version "1.0.0"
  resolved "http://registry.npm.taobao.org/p-finally/download/p-finally-1.0.0.tgz#3fbcfb15b899a44123b34b6dcc18b724336a2cae"

path-is-absolute@^1.0.0:
  version "1.0.1"
  resolved "http://registry.npm.taobao.org/path-is-absolute/download/path-is-absolute-1.0.1.tgz#174b9268735534ffbc7ace6bf53a5a9e1b5c5f5f"

path-key@^2.0.0, path-key@^2.0.1:
  version "2.0.1"
  resolved "http://registry.npm.taobao.org/path-key/download/path-key-2.0.1.tgz#411cadb574c5a140d3a4b1910d40d80cc9f40b40"
  integrity sha1-QRyttXTFoUDTpLGRDUDYDMn0C0A=

path-parse@^1.0.5:
  version "1.0.5"
  resolved "http://registry.npm.taobao.org/path-parse/download/path-parse-1.0.5.tgz#3c1adf871ea9cd6c9431b6ea2bd74a0ff055c4c1"

progress@^2.0.0:
  version "2.0.2"
  resolved "https://registry.npmjs.org/progress/-/progress-2.0.2.tgz#db9476f916bcc9ebe8a04efb22b18b0740376c61"
  integrity sha512-/OLz5F9beZUWwSHZDreXgap1XShX6W+DCHQCqwCF7uZ88s6uTlD2cR3JBE77SegCmNtb1Idst+NfmwcdU6KVhw==

pump@^3.0.0:
  version "3.0.0"
  resolved "https://registry.npmjs.org/pump/-/pump-3.0.0.tgz#b4a2116815bde2f4e1ea602354e8c75565107a64"
  integrity sha512-LwZy+p3SFs1Pytd/jYct4wpv49HiYCqd9Rlc5ZVdk0V+8Yzv6jR5Blk3TRmPL1ft69TxP0IMZGJ+WPFU2BFhww==
  dependencies:
    end-of-stream "^1.1.0"
    once "^1.3.1"

rechoir@^0.6.2:
  version "0.6.2"
  resolved "https://registry.npmjs.org/rechoir/-/rechoir-0.6.2.tgz#85204b54dba82d5742e28c96756ef43af50e3384"
  integrity sha1-hSBLVNuoLVdC4oyWdW70OvUOM4Q=
  dependencies:
    resolve "^1.1.6"

resolve@^1.1.6:
  version "1.8.1"
  resolved "https://registry.npmjs.org/resolve/-/resolve-1.8.1.tgz#82f1ec19a423ac1fbd080b0bab06ba36e84a7a26"
  integrity sha512-AicPrAC7Qu1JxPCZ9ZgCZlY35QgFnNqc+0LtbRNxnVw4TXvjQ72wnuL9JQcEBgXkI9JM8MsT9kaQoHcpCRJOYA==
  dependencies:
    path-parse "^1.0.5"

resolve@^1.3.2:
  version "1.5.0"
  resolved "http://registry.npm.taobao.org/resolve/download/resolve-1.5.0.tgz#1f09acce796c9a762579f31b2c1cc4c3cddf9f36"
  dependencies:
    path-parse "^1.0.5"

semver@^5.3.0:
  version "5.4.1"
  resolved "http://registry.npm.taobao.org/semver/download/semver-5.4.1.tgz#e059c09d8571f0540823733433505d3a2f00b18e"

semver@^5.5.0:
  version "5.6.0"
  resolved "http://registry.npm.taobao.org/semver/download/semver-5.6.0.tgz#7e74256fbaa49c75aa7c7a205cc22799cac80004"
  integrity sha1-fnQlb7qknHWqfHogXMInmcrIAAQ=

shebang-command@^1.2.0:
  version "1.2.0"
  resolved "http://registry.npm.taobao.org/shebang-command/download/shebang-command-1.2.0.tgz#44aac65b695b03398968c39f363fee5deafdf1ea"
  dependencies:
    shebang-regex "^1.0.0"

shebang-regex@^1.0.0:
  version "1.0.0"
  resolved "http://registry.npm.taobao.org/shebang-regex/download/shebang-regex-1.0.0.tgz#da42f49740c0b42db2ca9728571cb190c98efea3"

shelljs@^0.8.2:
  version "0.8.3"
  resolved "https://registry.npmjs.org/shelljs/-/shelljs-0.8.3.tgz#a7f3319520ebf09ee81275b2368adb286659b097"
  integrity sha512-fc0BKlAWiLpwZljmOvAOTE/gXawtCoNrP5oaY7KIaQbbyHeQVg01pSEuEGvGh3HEdBU4baCD7wQBwADmM/7f7A==
  dependencies:
    glob "^7.0.0"
    interpret "^1.0.0"
    rechoir "^0.6.2"

signal-exit@^3.0.0:
  version "3.0.2"
  resolved "http://registry.npm.taobao.org/signal-exit/download/signal-exit-3.0.2.tgz#b5fdc08f1287ea1178628e415e25132b73646c6d"

source-map-support@^0.5.6:
  version "0.5.6"
  resolved "http://registry.npm.taobao.org/source-map-support/download/source-map-support-0.5.6.tgz#4435cee46b1aab62b8e8610ce60f788091c51c13"
  dependencies:
    buffer-from "^1.0.0"
    source-map "^0.6.0"

source-map@^0.6.0, source-map@^0.6.1, source-map@~0.6.1:
  version "0.6.1"
  resolved "http://registry.npm.taobao.org/source-map/download/source-map-0.6.1.tgz#74722af32e9614e9c287a8d0bbde48b5e2f1a263"

sprintf-js@~1.0.2:
  version "1.0.3"
  resolved "http://registry.npm.taobao.org/sprintf-js/download/sprintf-js-1.0.3.tgz#04e6926f662895354f3dd015203633b857297e2c"

strip-ansi@^3.0.0:
  version "3.0.1"
  resolved "http://registry.npm.taobao.org/strip-ansi/download/strip-ansi-3.0.1.tgz#6a385fb8853d952d5ff05d0e8aaf94278dc63dcf"
  dependencies:
    ansi-regex "^2.0.0"

strip-ansi@^5.0.0:
  version "5.0.0"
  resolved "http://registry.npm.taobao.org/strip-ansi/download/strip-ansi-5.0.0.tgz#f78f68b5d0866c20b2c9b8c61b5298508dc8756f"
  integrity sha1-949otdCGbCCyybjGG1KYUI3IdW8=
  dependencies:
    ansi-regex "^4.0.0"

strip-bom@^3.0.0:
  version "3.0.0"
  resolved "http://registry.npm.taobao.org/strip-bom/download/strip-bom-3.0.0.tgz#2334c18e9c759f7bdd56fdef7e9ae3d588e68ed3"

strip-eof@^1.0.0:
  version "1.0.0"
  resolved "http://registry.npm.taobao.org/strip-eof/download/strip-eof-1.0.0.tgz#bb43ff5598a6eb05d89b59fcd129c983313606bf"

strip-json-comments@^2.0.1:
  version "2.0.1"
  resolved "http://registry.npm.taobao.org/strip-json-comments/download/strip-json-comments-2.0.1.tgz#3c531942e908c2697c0ec344858c286c7ca0a60a"

supports-color@^2.0.0:
  version "2.0.0"
  resolved "http://registry.npm.taobao.org/supports-color/download/supports-color-2.0.0.tgz#535d045ce6b6363fa40117084629995e9df324c7"

supports-color@^5.3.0:
  version "5.3.0"
  resolved "http://registry.npm.taobao.org/supports-color/download/supports-color-5.3.0.tgz#5b24ac15db80fa927cf5227a4a33fd3c4c7676c0"
  dependencies:
    has-flag "^3.0.0"

ts-node@^7.0.1:
  version "7.0.1"
  resolved "https://registry.npmjs.org/ts-node/-/ts-node-7.0.1.tgz#9562dc2d1e6d248d24bc55f773e3f614337d9baf"
  integrity sha512-BVwVbPJRspzNh2yfslyT1PSbl5uIk03EZlb493RKHN4qej/D06n1cEhjlOJG69oFsE7OT8XjpTUcYf6pKTLMhw==
  dependencies:
    arrify "^1.0.0"
    buffer-from "^1.1.0"
    diff "^3.1.0"
    make-error "^1.1.1"
    minimist "^1.2.0"
    mkdirp "^0.5.1"
    source-map-support "^0.5.6"
    yn "^2.0.0"

tsconfig-paths@^3.4.0:
  version "3.4.0"
  resolved "http://registry.npm.taobao.org/tsconfig-paths/download/tsconfig-paths-3.4.0.tgz#d19fe80c5b245f99d17363471971eab54e65a8a7"
  dependencies:
    deepmerge "^2.0.1"
    minimist "^1.2.0"
    strip-bom "^3.0.0"
    strip-json-comments "^2.0.1"

tslib@1.9.0:
  version "1.9.0"
  resolved "http://registry.npm.taobao.org/tslib/download/tslib-1.9.0.tgz#e37a86fda8cbbaf23a057f473c9f4dc64e5fc2e8"
  integrity sha1-43qG/ajLuvI6BX9HPJ9Nxk5fwug=

tslib@^1.8.0:
  version "1.9.3"
  resolved "http://registry.npm.taobao.org/tslib/download/tslib-1.9.3.tgz#d7e4dd79245d85428c4d7e4822a79917954ca286"
  integrity sha1-1+TdeSRdhUKMTX5IIqeZF5VMooY=

tslib@^1.8.1:
  version "1.8.1"
  resolved "http://registry.npm.taobao.org/tslib/download/tslib-1.8.1.tgz#6946af2d1d651a7b1863b531d6e5afa41aa44eac"

tslint-config-standard@^8.0.1:
  version "8.0.1"
  resolved "http://registry.npm.taobao.org/tslint-config-standard/download/tslint-config-standard-8.0.1.tgz#e4dd3128e84b0e34b51990b68715a641f2b417e4"
  integrity sha1-5N0xKOhLDjS1GZC2hxWmQfK0F+Q=
  dependencies:
    tslint-eslint-rules "^5.3.1"

tslint-eslint-rules@^5.3.1:
  version "5.4.0"
  resolved "http://registry.npm.taobao.org/tslint-eslint-rules/download/tslint-eslint-rules-5.4.0.tgz#e488cc9181bf193fe5cd7bfca213a7695f1737b5"
  integrity sha1-5IjMkYG/GT/lzXv8ohOnaV8XN7U=
  dependencies:
    doctrine "0.7.2"
    tslib "1.9.0"
    tsutils "^3.0.0"

tslint@^5.11.0:
  version "5.11.0"
  resolved "http://registry.npm.taobao.org/tslint/download/tslint-5.11.0.tgz#98f30c02eae3cde7006201e4c33cb08b48581eed"
  integrity sha1-mPMMAurjzecAYgHkwzywi0hYHu0=
  dependencies:
    babel-code-frame "^6.22.0"
    builtin-modules "^1.1.1"
    chalk "^2.3.0"
    commander "^2.12.1"
    diff "^3.2.0"
    glob "^7.1.1"
    js-yaml "^3.7.0"
    minimatch "^3.0.4"
    resolve "^1.3.2"
    semver "^5.3.0"
    tslib "^1.8.0"
    tsutils "^2.27.2"

tsutils@^2.27.2:
  version "2.29.0"
  resolved "http://registry.npm.taobao.org/tsutils/download/tsutils-2.29.0.tgz#32b488501467acbedd4b85498673a0812aca0b99"
  integrity sha1-MrSIUBRnrL7dS4VJhnOggSrKC5k=
  dependencies:
    tslib "^1.8.1"

tsutils@^3.0.0:
  version "3.5.1"
  resolved "http://registry.npm.taobao.org/tsutils/download/tsutils-3.5.1.tgz#2219e5f0ad728aef94bd6634a5b4d8ce6b2e2eea"
  integrity sha1-Ihnl8K1yiu+UvWY0pbTYzmsuLuo=
  dependencies:
    tslib "^1.8.1"

typedoc-default-themes@^0.5.0:
  version "0.5.0"
  resolved "https://registry.npmjs.org/typedoc-default-themes/-/typedoc-default-themes-0.5.0.tgz#6dc2433e78ed8bea8e887a3acde2f31785bd6227"
  integrity sha1-bcJDPnjti+qOiHo6zeLzF4W9Yic=

typedoc@^0.13.0:
  version "0.13.0"
  resolved "https://registry.npmjs.org/typedoc/-/typedoc-0.13.0.tgz#9efdf352bd54873955cd161bd4b75f24a8c59dde"
  integrity sha512-jQWtvPcV+0fiLZAXFEe70v5gqjDO6pJYJz4mlTtmGJeW2KRoIU/BEfktma6Uj8Xii7UakuZjbxFewl3UYOkU/w==
  dependencies:
    "@types/fs-extra" "^5.0.3"
    "@types/handlebars" "^4.0.38"
    "@types/highlight.js" "^9.12.3"
    "@types/lodash" "^4.14.110"
    "@types/marked" "^0.4.0"
    "@types/minimatch" "3.0.3"
    "@types/shelljs" "^0.8.0"
    fs-extra "^7.0.0"
    handlebars "^4.0.6"
    highlight.js "^9.0.0"
    lodash "^4.17.10"
    marked "^0.4.0"
    minimatch "^3.0.0"
    progress "^2.0.0"
    shelljs "^0.8.2"
    typedoc-default-themes "^0.5.0"
    typescript "3.1.x"

typescript@3.1.x:
  version "3.1.6"
  resolved "https://registry.npmjs.org/typescript/-/typescript-3.1.6.tgz#b6543a83cfc8c2befb3f4c8fba6896f5b0c9be68"
  integrity sha512-tDMYfVtvpb96msS1lDX9MEdHrW4yOuZ4Kdc4Him9oU796XldPYF/t2+uKoX0BBa0hXXwDlqYQbXY5Rzjzc5hBA==

typescript@^3.2.2:
  version "3.2.2"
  resolved "https://registry.npmjs.org/typescript/-/typescript-3.2.2.tgz#fe8101c46aa123f8353523ebdcf5730c2ae493e5"
  integrity sha512-VCj5UiSyHBjwfYacmDuc/NOk4QQixbE+Wn7MFJuS0nRuPQbof132Pw4u53dm264O8LPc2MVsc7RJNml5szurkg==

uglify-js@^3.1.4:
  version "3.4.9"
  resolved "https://registry.npmjs.org/uglify-js/-/uglify-js-3.4.9.tgz#af02f180c1207d76432e473ed24a28f4a782bae3"
  integrity sha512-8CJsbKOtEbnJsTyv6LE6m6ZKniqMiFWmm9sRbopbkGs3gMPPfd3Fh8iIA4Ykv5MgaTbqHr4BaoGLJLZNhsrW1Q==
  dependencies:
    commander "~2.17.1"
    source-map "~0.6.1"

universalify@^0.1.0:
  version "0.1.2"
  resolved "https://registry.npmjs.org/universalify/-/universalify-0.1.2.tgz#b646f69be3942dabcecc9d6639c80dc105efaa66"
  integrity sha512-rBJeI5CXAlmy1pV+617WB9J63U6XcazHHF2f2dbJix4XzpUF0RS3Zbj0FGIOCAva5P/d/GBOYaACQ1w+0azUkg==

wcwidth@^1.0.1:
  version "1.0.1"
  resolved "https://registry.npmjs.org/wcwidth/-/wcwidth-1.0.1.tgz#f0b0dcf915bc5ff1528afadb2c0e17b532da2fe8"
  integrity sha1-8LDc+RW8X/FSivrbLA4XtTLaL+g=
  dependencies:
    defaults "^1.0.3"

which@^1.2.9:
  version "1.3.0"
  resolved "http://registry.npm.taobao.org/which/download/which-1.3.0.tgz#ff04bdfc010ee547d780bec38e1ac1c2777d253a"
  dependencies:
    isexe "^2.0.0"

wordwrap@~0.0.2:
  version "0.0.3"
  resolved "https://registry.npmjs.org/wordwrap/-/wordwrap-0.0.3.tgz#a3d5da6cd5c0bc0008d37234bbaf1bed63059107"
  integrity sha1-o9XabNXAvAAI03I0u68b7WMFkQc=

wrappy@1:
  version "1.0.2"
  resolved "http://registry.npm.taobao.org/wrappy/download/wrappy-1.0.2.tgz#b5243d8f3ec1aa35f1364605bc0d1036e30ab69f"

yn@^2.0.0:
  version "2.0.0"
  resolved "http://registry.npm.taobao.org/yn/download/yn-2.0.0.tgz#e5adabc8acf408f6385fc76495684c88e6af689a"
